# THIS IS AN AUTOGENERATED FILE. DO NOT EDIT THIS FILE DIRECTLY.
# yarn lockfile v1


"@types/node@^20.12.7":
  version "20.19.39"
  resolved "https://registry.npmmirror.com/@types/node/-/node-20.19.39.tgz#e98a3b575574070cd34b784bd173767269f95e99"
  integrity sha512-orrrD74MBUyK8jOAD/r0+lfa1I2MO6I+vAkmAWzMYbCcgrN4lCrmK52gRFQq/JRxfYPfonkr4b0jcY7Olqdqbw==
  dependencies:
    undici-types "~6.21.0"

boolbase@^1.0.0:
  version "1.0.0"
  resolved "https://registry.npmmirror.com/boolbase/-/boolbase-1.0.0.tgz#68dff5fbe60c51eb37725ea9e3ed310dcc1e776e"
  integrity sha512-JZOSA7Mo9sNGB8+UjSgzdLtokWAky1zbztM3WRLCbZ70/3cTANmQmOdR7y2g+J0e2WXywy1yS468tY+IruqEww==

cheerio-select@^2.1.0:
  version "2.1.0"
  resolved "https://registry.npmmirror.com/cheerio-select/-/cheerio-select-2.1.0.tgz#4d8673286b8126ca2a8e42740d5e3c4884ae21b4"
  integrity sha512-9v9kG0LvzrlcungtnJtpGNxY+fzECQKhK4EGJX2vByejiMX84MFNQw4UxPJl3bFbTMw+Dfs37XaIkCwTZfLh4g==
  dependencies:
    boolbase "^1.0.0"
    css-select "^5.1.0"
    css-what "^6.1.0"
    domelementtype "^2.3.0"
    domhandler "^5.0.3"
    domutils "^3.0.1"

cheerio@1.0.0-rc.12:
  version "1.0.0-rc.12"
  resolved "https://registry.npmmirror.com/cheerio/-/cheerio-1.0.0-rc.12.tgz#788bf7466506b1c6bf5fae51d24a2c4d62e47683"
  integrity sha512-VqR8m68vM46BNnuZ5NtnGBKIE/DfN0cRIzg9n40EIq9NOv90ayxLBXA8fXC5gquFRGJSTRqBq25Jt2ECLR431Q==
  dependencies:
    cheerio-select "^2.1.0"
    dom-serializer "^2.0.0"
    domhandler "^5.0.3"
    domutils "^3.0.1"
    htmlparser2 "^8.0.1"
    parse5 "^7.0.0"
    parse5-htmlparser2-tree-adapter "^7.0.0"

commander@^12.1.0:
  version "12.1.0"
  resolved "https://registry.npmmirror.com/commander/-/commander-12.1.0.tgz#01423b36f501259fdaac4d0e4d60c96c991585d3"
  integrity sha512-Vw8qHK3bZM9y/P10u3Vib8o/DdkvA2OtPtZvD871QKjy74Wj1WSKFILMPRPSdUSx5RFK1arlJzEtA4PkFgnbuA==

css-select@^5.1.0:
  version "5.2.2"
  resolved "https://registry.npmmirror.com/css-select/-/css-select-5.2.2.tgz#01b6e8d163637bb2dd6c982ca4ed65863682786e"
  integrity sha512-TizTzUddG/xYLA3NXodFM0fSbNizXjOKhqiQQwvhlspadZokn1KDy0NZFS0wuEubIYAV5/c1/lAr0TaaFXEXzw==
  dependencies:
    boolbase "^1.0.0"
    css-what "^6.1.0"
    domhandler "^5.0.2"
    domutils "^3.0.1"
    nth-check "^2.0.1"

css-what@^6.1.0:
  version "6.2.2"
  resolved "https://registry.npmmirror.com/css-what/-/css-what-6.2.2.tgz#cdcc8f9b6977719fdfbd1de7aec24abf756b9dea"
  integrity sha512-u/O3vwbptzhMs3L1fQE82ZSLHQQfto5gyZzwteVIEyeaY5Fc7R4dapF/BvRoSYFeqfBk4m0V1Vafq5Pjv25wvA==

date-format@^4.0.14:
  version "4.0.14"
  resolved "https://registry.npmmirror.com/date-format/-/date-format-4.0.14.tgz#7a8e584434fb169a521c8b7aa481f355810d9400"
  integrity sha512-39BOQLs9ZjKh0/patS9nrT8wc3ioX3/eA/zgbKNopnF2wCqJEoxywwwElATYvRsXdnOxA/OQeQoFZ3rFjVajhg==

debug@^4.3.4:
  version "4.4.3"
  resolved "https://registry.npmmirror.com/debug/-/debug-4.4.3.tgz#c6ae432d9bd9662582fce08709b038c58e9e3d6a"
  integrity sha512-RGwwWnwQvkVfavKVt22FGLw+xYSdzARwm0ru6DhTVA3umU5hZc28V3kO4stgYryrTlLpuvgI9GiijltAjNbcqA==
  dependencies:
    ms "^2.1.3"

dom-serializer@^2.0.0:
  version "2.0.0"
  resolved "https://registry.npmmirror.com/dom-serializer/-/dom-serializer-2.0.0.tgz#e41b802e1eedf9f6cae183ce5e622d789d7d8e53"
  integrity sha512-wIkAryiqt/nV5EQKqQpo3SToSOV9J0DnbJqwK7Wv/Trc92zIAYZ4FlMu+JPFW1DfGFt81ZTCGgDEabffXeLyJg==
  dependencies:
    domelementtype "^2.3.0"
    domhandler "^5.0.2"
    entities "^4.2.0"

domelementtype@^2.3.0:
  version "2.3.0"
  resolved "https://registry.npmmirror.com/domelementtype/-/domelementtype-2.3.0.tgz#5c45e8e869952626331d7aab326d01daf65d589d"
  integrity sha512-OLETBj6w0OsagBwdXnPdN0cnMfF9opN69co+7ZrbfPGrdpPVNBUj02spi6B1N7wChLQiPn4CSH/zJvXw56gmHw==

domhandler@^5.0.2, domhandler@^5.0.3:
  version "5.0.3"
  resolved "https://registry.npmmirror.com/domhandler/-/domhandler-5.0.3.tgz#cc385f7f751f1d1fc650c21374804254538c7d31"
  integrity sha512-cgwlv/1iFQiFnU96XXgROh8xTeetsnJiDsTc7TYCLFd9+/WNkIqPTxiM/8pSd8VIrhXGTf1Ny1q1hquVqDJB5w==
  dependencies:
    domelementtype "^2.3.0"

domutils@^3.0.1:
  version "3.2.2"
  resolved "https://registry.npmmirror.com/domutils/-/domutils-3.2.2.tgz#edbfe2b668b0c1d97c24baf0f1062b132221bc78"
  integrity sha512-6kZKyUajlDuqlHKVX1w7gyslj9MPIXzIFiz/rGu35uC1wMi+kMhQwGhl4lt9unC9Vb9INnY9Z3/ZA3+FhASLaw==
  dependencies:
    dom-serializer "^2.0.0"
    domelementtype "^2.3.0"
    domhandler "^5.0.3"

entities@^4.2.0, entities@^4.4.0:
  version "4.5.0"
  resolved "https://registry.npmmirror.com/entities/-/entities-4.5.0.tgz#5d268ea5e7113ec74c4d033b79ea5a35a488fb48"
  integrity sha512-V0hjH4dGPh9Ao5p0MoRY6BVqtwCjhz6vI5LT8AJ55H+4g9/4vbHx1I54fS0XuclLhDHArPQCiMjDxjaL8fPxhw==

entities@^6.0.0:
  version "6.0.1"
  resolved "https://registry.npmmirror.com/entities/-/entities-6.0.1.tgz#c28c34a43379ca7f61d074130b2f5f7020a30694"
  integrity sha512-aN97NXWF6AWBTahfVOIrB/NShkzi5H7F9r1s9mD3cDj4Ko5f2qhhVoYMibXF7GlLveb/D2ioWay8lxI97Ven3g==

flatted@^3.2.7:
  version "3.4.2"
  resolved "https://registry.npmmirror.com/flatted/-/flatted-3.4.2.tgz#f5c23c107f0f37de8dbdf24f13722b3b98d52726"
  integrity sha512-PjDse7RzhcPkIJwy5t7KPWQSZ9cAbzQXcafsetQoD7sOJRQlGikNbx7yZp2OotDnJyrDcbyRq3Ttb18iYOqkxA==

fs-extra@^8.1.0:
  version "8.1.0"
  resolved "https://registry.npmmirror.com/fs-extra/-/fs-extra-8.1.0.tgz#49d43c45a88cd9677668cb7be1b46efdb8d2e1c0"
  integrity sha512-yhlQgA6mnOJUKOsRUFsgJdQCvkKhcz8tlZG5HBQfReYZy46OwLcY+Zia0mtdHsOo9y/hP+CxMN0TU9QxoOtG4g==
  dependencies:
    graceful-fs "^4.2.0"
    jsonfile "^4.0.0"
    universalify "^0.1.0"

graceful-fs@^4.1.6:
  version "4.1.15"
  resolved "https://registry.yarnpkg.com/graceful-fs/-/graceful-fs-4.1.15.tgz#ffb703e1066e8a0eeaa4c8b80ba9253eeefbfb00"
  integrity sha512-6uHUhOPEBgQ24HM+r6b/QwWfZq+yiFcipKFrOFiBEnWdy5sdzYoi+pJeQaPI5qOLRFqWmAXUPQNsielzdLoecA==

graceful-fs@^4.2.0:
  version "4.2.11"
  resolved "https://registry.npmmirror.com/graceful-fs/-/graceful-fs-4.2.11.tgz#4183e4e8bf08bb6e05bbb2f7d2e0c8f712ca40e3"
  integrity sha512-RbJ5/jmFcNNCcDV5o9eTnBLJ/HszWV0P73bc+Ff4nS/rJj+YaS6IGyiOL0VoBYX+l1Wrl3k63h/KrH+nhJ0XvQ==

htmlparser2@^8.0.1:
  version "8.0.2"
  resolved "https://registry.npmmirror.com/htmlparser2/-/htmlparser2-8.0.2.tgz#f002151705b383e62433b5cf466f5b716edaec21"
  integrity sha512-GYdjWKDkbRLkZ5geuHs5NY1puJ+PXwP7+fHPRz06Eirsb9ugf6d8kkXav6ADhcODhFFPMIXyxkxSuMf3D6NCFA==
  dependencies:
    domelementtype "^2.3.0"
    domhandler "^5.0.3"
    domutils "^3.0.1"
    entities "^4.4.0"

jsonfile@^4.0.0:
  version "4.0.0"
  resolved "https://registry.yarnpkg.com/jsonfile/-/jsonfile-4.0.0.tgz#8771aae0799b64076b76640fca058f9c10e33ecb"
  integrity sha1-h3Gq4HmbZAdrdmQPygWPnBDjPss=
  optionalDependencies:
    graceful-fs "^4.1.6"

log4js@^6.9.1:
  version "6.9.1"
  resolved "https://registry.npmmirror.com/log4js/-/log4js-6.9.1.tgz#aba5a3ff4e7872ae34f8b4c533706753709e38b6"
  integrity sha512-1somDdy9sChrr9/f4UlzhdaGfDR2c/SaD2a4T7qEkG4jTS57/B3qmnjLYePwQ8cqWnUHZI0iAKxMBpCZICiZ2g==
  dependencies:
    date-format "^4.0.14"
    debug "^4.3.4"
    flatted "^3.2.7"
    rfdc "^1.3.0"
    streamroller "^3.1.5"

ms@^2.1.3:
  version "2.1.3"
  resolved "https://registry.npmmirror.com/ms/-/ms-2.1.3.tgz#574c8138ce1d2b5861f0b44579dbadd60c6615b2"
  integrity sha512-6FlzubTLZG3J2a/NVCAleEhjzq5oxgHyaCU9yYXvcLsvoVaHJq/s5xXI6/XXP6tz7R9xAOtHnSO/tXtF3WRTlA==

nth-check@^2.0.1:
  version "2.1.1"
  resolved "https://registry.npmmirror.com/nth-check/-/nth-check-2.1.1.tgz#c9eab428effce36cd6b92c924bdb000ef1f1ed1d"
  integrity sha512-lqjrjmaOoAnWfMmBPL+XNnynZh2+swxiX3WUE0s4yEHI6m+AwrK2UZOimIRl3X/4QctVqS8AiZjFqyOGrMXb/w==
  dependencies:
    boolbase "^1.0.0"

parse5-htmlparser2-tree-adapter@^7.0.0:
  version "7.1.0"
  resolved "https://registry.npmmirror.com/parse5-htmlparser2-tree-adapter/-/parse5-htmlparser2-tree-adapter-7.1.0.tgz#b5a806548ed893a43e24ccb42fbb78069311e81b"
  integrity sha512-ruw5xyKs6lrpo9x9rCZqZZnIUntICjQAd0Wsmp396Ul9lN/h+ifgVV1x1gZHi8euej6wTfpqX8j+BFQxF0NS/g==
  dependencies:
    domhandler "^5.0.3"
    parse5 "^7.0.0"

parse5@^7.0.0:
  version "7.3.0"
  resolved "https://registry.npmmirror.com/parse5/-/parse5-7.3.0.tgz#d7e224fa72399c7a175099f45fc2ad024b05ec05"
  integrity sha512-IInvU7fabl34qmi9gY8XOVxhYyMyuH2xUNpb2q8/Y+7552KlejkRvqvD19nMoUW/uQGGbqNpA6Tufu5FL5BZgw==
  dependencies:
    entities "^6.0.0"

rfdc@^1.3.0:
  version "1.4.1"
  resolved "https://registry.npmmirror.com/rfdc/-/rfdc-1.4.1.tgz#778f76c4fb731d93414e8f925fbecf64cce7f6ca"
  integrity sha512-q1b3N5QkRUWUl7iyylaaj3kOpIT0N2i9MqIEQXP73GVsN9cw3fdx8X63cEmWhJGi2PPCF23Ijp7ktmd39rawIA==

streamroller@^3.1.5:
  version "3.1.5"
  resolved "https://registry.npmmirror.com/streamroller/-/streamroller-3.1.5.tgz#1263182329a45def1ffaef58d31b15d13d2ee7ff"
  integrity sha512-KFxaM7XT+irxvdqSP1LGLgNWbYN7ay5owZ3r/8t77p+EtSUAfUgtl7be3xtqtOmGUl9K9YPO2ca8133RlTjvKw==
  dependencies:
    date-format "^4.0.14"
    debug "^4.3.4"
    fs-extra "^8.1.0"

typescript@^5.4.5:
  version "5.9.3"
  resolved "https://registry.npmmirror.com/typescript/-/typescript-5.9.3.tgz#5b4f59e15310ab17a216f5d6cf53ee476ede670f"
  integrity sha512-jl1vZzPDinLr9eUt3J/t7V6FgNEw9QjvBPdysz9KfQDD41fQrC2Y4vKQdiaUpFT4bXlb1RHhLpp8wtm6M5TgSw==

undici-types@~6.21.0:
  version "6.21.0"
  resolved "https://registry.npmmirror.com/undici-types/-/undici-types-6.21.0.tgz#691d00af3909be93a7faa13be61b3a5b50ef12cb"
  integrity sha512-iwDZqg0QAGrg9Rav5H4n0M64c3mkR59cJ6wQp+7C4nI0gsmExaedaYLNO44eT4AtBBwjbTiGPMlt2Md0T9H9JQ==

universalify@^0.1.0:
  version "0.1.2"
  resolved "https://registry.yarnpkg.com/universalify/-/universalify-0.1.2.tgz#b646f69be3942dabcecc9d6639c80dc105efaa66"
  integrity sha512-rBJeI5CXAlmy1pV+617WB9J63U6XcazHHF2f2dbJix4XzpUF0RS3Zbj0FGIOCAva5P/d/GBOYaACQ1w+0azUkg==
